
Microsoft Visual Studio Solution File, Format Version 12.00
# Visual Studio Version 17
VisualStudioVersion = 17.13.35825.156
MinimumVisualStudioVersion = 10.0.40219.1
Project("{2150E333-8FDC-42A3-9474-1A3956D46DE8}") = "ProductService", "ProductService", "{36D591C7-65C7-A0D1-1CBC-10CDE441BDC8}"
EndProject
Project("{FAE04EC0-301F-11D3-BF4B-00C04F79EFBC}") = "ProductService.API", "ProductService.API\ProductService.API.csproj", "{876FA479-5CF7-4A59-91CC-AAAB72176C26}"
EndProject
Project("{FAE04EC0-301F-11D3-BF4B-00C04F79EFBC}") = "ProductService.Domain", "ProductService.Domain\ProductService.Domain.csproj", "{950931C4-F4AB-4636-8B35-84B8ACF6D978}"
EndProject
Project("{FAE04EC0-301F-11D3-BF4B-00C04F79EFBC}") = "ProductService.Infastructure", "ProductService.Infastructure\ProductService.Infastructure.csproj", "{D9D17F63-B9DD-4430-9790-D08AE89A02BB}"
EndProject
Project("{FAE04EC0-301F-11D3-BF4B-00C04F79EFBC}") = "ProductService.Application", "ProductService.Application\ProductService.Application.csproj", "{DA948890-CB51-452E-A822-11F46A9E74C8}"
EndProject
Project("{2150E333-8FDC-42A3-9474-1A3956D46DE8}") = "OrderService", "OrderService", "{3EE383A5-D431-4B5E-94A0-6A09EED20C90}"
EndProject
Project("{FAE04EC0-301F-11D3-BF4B-00C04F79EFBC}") = "OrderService.API", "OrderService.API\OrderService.API.csproj", "{48496037-DD96-4BAE-B7B4-70748DF6EED5}"
EndProject
Project("{FAE04EC0-301F-11D3-BF4B-00C04F79EFBC}") = "OrderService.Domain", "OrderService.Domain\OrderService.Domain.csproj", "{0601F47B-1106-4944-B47E-84923EC59EE8}"
EndProject
Project("{FAE04EC0-301F-11D3-BF4B-00C04F79EFBC}") = "OrderService.Infastructure", "OrderService.Infastructure\OrderService.Infastructure.csproj", "{6D0359B8-8273-433A-B323-793E21EDDF8C}"
EndProject
Project("{FAE04EC0-301F-11D3-BF4B-00C04F79EFBC}") = "OrderService.Application", "OrderService.Application\OrderService.Application.csproj", "{6A2A3C31-D16A-4A82-A2D9-4B2876BECF6E}"
EndProject
Project("{2150E333-8FDC-42A3-9474-1A3956D46DE8}") = "IdentityServer", "IdentityServer", "{E4398E09-47C9-4944-865B-0075AEBB3640}"
EndProject
Project("{FAE04EC0-301F-11D3-BF4B-00C04F79EFBC}") = "IdentityServer", "IdentityServer\IdentityServer.csproj", "{C6A01236-0231-4E87-AE22-F84A32CB99B7}"
EndProject
Project("{2150E333-8FDC-42A3-9474-1A3956D46DE8}") = "Элементы решения", "Элементы решения", "{754FC069-D67B-A9D7-50A1-8D1CA196D8F1}"
	ProjectSection(SolutionItems) = preProject
		docker-compose.yml = docker-compose.yml
	EndProjectSection
EndProject
Global
	GlobalSection(SolutionConfigurationPlatforms) = preSolution
		Debug|Any CPU = Debug|Any CPU
		Release|Any CPU = Release|Any CPU
	EndGlobalSection
	GlobalSection(ProjectConfigurationPlatforms) = postSolution
		{876FA479-5CF7-4A59-91CC-AAAB72176C26}.Debug|Any CPU.ActiveCfg = Debug|Any CPU
		{876FA479-5CF7-4A59-91CC-AAAB72176C26}.Debug|Any CPU.Build.0 = Debug|Any CPU
		{876FA479-5CF7-4A59-91CC-AAAB72176C26}.Release|Any CPU.ActiveCfg = Release|Any CPU
		{876FA479-5CF7-4A59-91CC-AAAB72176C26}.Release|Any CPU.Build.0 = Release|Any CPU
		{950931C4-F4AB-4636-8B35-84B8ACF6D978}.Debug|Any CPU.ActiveCfg = Debug|Any CPU
		{950931C4-F4AB-4636-8B35-84B8ACF6D978}.Debug|Any CPU.Build.0 = Debug|Any CPU
		{950931C4-F4AB-4636-8B35-84B8ACF6D978}.Release|Any CPU.ActiveCfg = Release|Any CPU
		{950931C4-F4AB-4636-8B35-84B8ACF6D978}.Release|Any CPU.Build.0 = Release|Any CPU
		{D9D17F63-B9DD-4430-9790-D08AE89A02BB}.Debug|Any CPU.ActiveCfg = Debug|Any CPU
		{D9D17F63-B9DD-4430-9790-D08AE89A02BB}.Debug|Any CPU.Build.0 = Debug|Any CPU
		{D9D17F63-B9DD-4430-9790-D08AE89A02BB}.Release|Any CPU.ActiveCfg = Release|Any CPU
		{D9D17F63-B9DD-4430-9790-D08AE89A02BB}.Release|Any CPU.Build.0 = Release|Any CPU
		{DA948890-CB51-452E-A822-11F46A9E74C8}.Debug|Any CPU.ActiveCfg = Debug|Any CPU
		{DA948890-CB51-452E-A822-11F46A9E74C8}.Debug|Any CPU.Build.0 = Debug|Any CPU
		{DA948890-CB51-452E-A822-11F46A9E74C8}.Release|Any CPU.ActiveCfg = Release|Any CPU
		{DA948890-CB51-452E-A822-11F46A9E74C8}.Release|Any CPU.Build.0 = Release|Any CPU
		{48496037-DD96-4BAE-B7B4-70748DF6EED5}.Debug|Any CPU.ActiveCfg = Debug|Any CPU
		{48496037-DD96-4BAE-B7B4-70748DF6EED5}.Debug|Any CPU.Build.0 = Debug|Any CPU
		{48496037-DD96-4BAE-B7B4-70748DF6EED5}.Release|Any CPU.ActiveCfg = Release|Any CPU
		{48496037-DD96-4BAE-B7B4-70748DF6EED5}.Release|Any CPU.Build.0 = Release|Any CPU
		{0601F47B-1106-4944-B47E-84923EC59EE8}.Debug|Any CPU.ActiveCfg = Debug|Any CPU
		{0601F47B-1106-4944-B47E-84923EC59EE8}.Debug|Any CPU.Build.0 = Debug|Any CPU
		{0601F47B-1106-4944-B47E-84923EC59EE8}.Release|Any CPU.ActiveCfg = Release|Any CPU
		{0601F47B-1106-4944-B47E-84923EC59EE8}.Release|Any CPU.Build.0 = Release|Any CPU
		{6D0359B8-8273-433A-B323-793E21EDDF8C}.Debug|Any CPU.ActiveCfg = Debug|Any CPU
		{6D0359B8-8273-433A-B323-793E21EDDF8C}.Debug|Any CPU.Build.0 = Debug|Any CPU
		{6D0359B8-8273-433A-B323-793E21EDDF8C}.Release|Any CPU.ActiveCfg = Release|Any CPU
		{6D0359B8-8273-433A-B323-793E21EDDF8C}.Release|Any CPU.Build.0 = Release|Any CPU
		{6A2A3C31-D16A-4A82-A2D9-4B2876BECF6E}.Debug|Any CPU.ActiveCfg = Debug|Any CPU
		{6A2A3C31-D16A-4A82-A2D9-4B2876BECF6E}.Debug|Any CPU.Build.0 = Debug|Any CPU
		{6A2A3C31-D16A-4A82-A2D9-4B2876BECF6E}.Release|Any CPU.ActiveCfg = Release|Any CPU
		{6A2A3C31-D16A-4A82-A2D9-4B2876BECF6E}.Release|Any CPU.Build.0 = Release|Any CPU
		{C6A01236-0231-4E87-AE22-F84A32CB99B7}.Debug|Any CPU.ActiveCfg = Debug|Any CPU
		{C6A01236-0231-4E87-AE22-F84A32CB99B7}.Debug|Any CPU.Build.0 = Debug|Any CPU
		{C6A01236-0231-4E87-AE22-F84A32CB99B7}.Release|Any CPU.ActiveCfg = Release|Any CPU
		{C6A01236-0231-4E87-AE22-F84A32CB99B7}.Release|Any CPU.Build.0 = Release|Any CPU
	EndGlobalSection
	GlobalSection(SolutionProperties) = preSolution
		HideSolutionNode = FALSE
	EndGlobalSection
	GlobalSection(NestedProjects) = preSolution
		{876FA479-5CF7-4A59-91CC-AAAB72176C26} = {36D591C7-65C7-A0D1-1CBC-10CDE441BDC8}
		{950931C4-F4AB-4636-8B35-84B8ACF6D978} = {36D591C7-65C7-A0D1-1CBC-10CDE441BDC8}
		{D9D17F63-B9DD-4430-9790-D08AE89A02BB} = {36D591C7-65C7-A0D1-1CBC-10CDE441BDC8}
		{DA948890-CB51-452E-A822-11F46A9E74C8} = {36D591C7-65C7-A0D1-1CBC-10CDE441BDC8}
		{48496037-DD96-4BAE-B7B4-70748DF6EED5} = {3EE383A5-D431-4B5E-94A0-6A09EED20C90}
		{0601F47B-1106-4944-B47E-84923EC59EE8} = {3EE383A5-D431-4B5E-94A0-6A09EED20C90}
		{6D0359B8-8273-433A-B323-793E21EDDF8C} = {3EE383A5-D431-4B5E-94A0-6A09EED20C90}
		{6A2A3C31-D16A-4A82-A2D9-4B2876BECF6E} = {3EE383A5-D431-4B5E-94A0-6A09EED20C90}
		{C6A01236-0231-4E87-AE22-F84A32CB99B7} = {E4398E09-47C9-4944-865B-0075AEBB3640}
	EndGlobalSection
	GlobalSection(ExtensibilityGlobals) = postSolution
		SolutionGuid = {2D51DB8E-8EEF-41D8-9B0F-22815A9877A6}
	EndGlobalSection
EndGlobal
